
Microsoft Visual Studio Solution File, Format Version 12.00
# Visual Studio Version 17
VisualStudioVersion = 17.9.34902.65
MinimumVisualStudioVersion = 10.0.40219.1
Project("{FAE04EC0-301F-11D3-BF4B-00C04F79EFBC}") = "Ej01", "Ej01\Ej01.csproj", "{5254AAB0-640B-4E17-8568-C077622C0FAF}"
EndProject
Project("{FAE04EC0-301F-11D3-BF4B-00C04F79EFBC}") = "Ej02", "Ej02\Ej02.csproj", "{6B2550AD-02C7-41EE-9BAD-B78FD845126B}"
EndProject
Project("{FAE04EC0-301F-11D3-BF4B-00C04F79EFBC}") = "Ej03", "Ej03\Ej03.csproj", "{E9B5CAB9-C063-4DF4-915B-63B58D05E2C3}"
EndProject
Project("{FAE04EC0-301F-11D3-BF4B-00C04F79EFBC}") = "Ej08", "Ej08\Ej08.csproj", "{98DECB5B-61F3-4D2C-A47A-FFEE9E72E89E}"
EndProject
Project("{FAE04EC0-301F-11D3-BF4B-00C04F79EFBC}") = "Ej05", "Ej05\Ej05.csproj", "{F8C0F913-53D2-4C01-B7BA-7B6BF965B272}"
EndProject
Project("{FAE04EC0-301F-11D3-BF4B-00C04F79EFBC}") = "Ej07", "Ej07\Ej07.csproj", "{FCA449C9-1B69-4DB9-B192-89783BFAB51F}"
EndProject
Project("{FAE04EC0-301F-11D3-BF4B-00C04F79EFBC}") = "Ej06", "Ej06\Ej06.csproj", "{2CBB4A5D-4CED-4162-9022-62C45054C05B}"
EndProject
Project("{FAE04EC0-301F-11D3-BF4B-00C04F79EFBC}") = "Ej04", "Ej04\Ej04.csproj", "{ADD64BE3-23F9-44CE-BD77-C2ED820C290A}"
EndProject
Project("{FAE04EC0-301F-11D3-BF4B-00C04F79EFBC}") = "Ej10", "Ej10\Ej10.csproj", "{C3F9AF9C-E3A2-4BFE-AEF3-226B3C555A88}"
EndProject
Project("{FAE04EC0-301F-11D3-BF4B-00C04F79EFBC}") = "Ej16", "Ej16\Ej16.csproj", "{CAC0EAD3-5039-45AD-BE35-F94105E72F7A}"
EndProject
Project("{FAE04EC0-301F-11D3-BF4B-00C04F79EFBC}") = "Ej09", "Ej09\Ej09.csproj", "{1B87E91C-C812-4A73-A585-468B5D609897}"
EndProject
Project("{FAE04EC0-301F-11D3-BF4B-00C04F79EFBC}") = "Ej13", "Ej13\Ej13.csproj", "{BEF24DAE-180B-429B-B3C7-30B82ACA0067}"
EndProject
Project("{FAE04EC0-301F-11D3-BF4B-00C04F79EFBC}") = "Ej11", "Ej11\Ej11.csproj", "{48F04E43-424C-4912-B262-E10BDB38EB55}"
EndProject
Project("{FAE04EC0-301F-11D3-BF4B-00C04F79EFBC}") = "Ej12", "Ej12\Ej12.csproj", "{2F99D9D4-824B-4465-ADA2-C33F63EA0D66}"
EndProject
Project("{FAE04EC0-301F-11D3-BF4B-00C04F79EFBC}") = "Ej14", "Ej14\Ej14.csproj", "{B36E1B6C-BBDA-40F6-B4AE-EC2778A6991F}"
EndProject
Project("{FAE04EC0-301F-11D3-BF4B-00C04F79EFBC}") = "Ej15", "Ej15\Ej15.csproj", "{40A56D09-669D-40DE-B8A8-20ABC8389B7A}"
EndProject
Project("{FAE04EC0-301F-11D3-BF4B-00C04F79EFBC}") = "Ej17", "Ej17\Ej17.csproj", "{E2493629-CD5E-48D3-9D29-82C57E417638}"
EndProject
Global
	GlobalSection(SolutionConfigurationPlatforms) = preSolution
		Debug|Any CPU = Debug|Any CPU
		Release|Any CPU = Release|Any CPU
	EndGlobalSection
	GlobalSection(ProjectConfigurationPlatforms) = postSolution
		{5254AAB0-640B-4E17-8568-C077622C0FAF}.Debug|Any CPU.ActiveCfg = Debug|Any CPU
		{5254AAB0-640B-4E17-8568-C077622C0FAF}.Debug|Any CPU.Build.0 = Debug|Any CPU
		{5254AAB0-640B-4E17-8568-C077622C0FAF}.Release|Any CPU.ActiveCfg = Release|Any CPU
		{5254AAB0-640B-4E17-8568-C077622C0FAF}.Release|Any CPU.Build.0 = Release|Any CPU
		{6B2550AD-02C7-41EE-9BAD-B78FD845126B}.Debug|Any CPU.ActiveCfg = Debug|Any CPU
		{6B2550AD-02C7-41EE-9BAD-B78FD845126B}.Debug|Any CPU.Build.0 = Debug|Any CPU
		{6B2550AD-02C7-41EE-9BAD-B78FD845126B}.Release|Any CPU.ActiveCfg = Release|Any CPU
		{6B2550AD-02C7-41EE-9BAD-B78FD845126B}.Release|Any CPU.Build.0 = Release|Any CPU
		{E9B5CAB9-C063-4DF4-915B-63B58D05E2C3}.Debug|Any CPU.ActiveCfg = Debug|Any CPU
		{E9B5CAB9-C063-4DF4-915B-63B58D05E2C3}.Debug|Any CPU.Build.0 = Debug|Any CPU
		{E9B5CAB9-C063-4DF4-915B-63B58D05E2C3}.Release|Any CPU.ActiveCfg = Release|Any CPU
		{E9B5CAB9-C063-4DF4-915B-63B58D05E2C3}.Release|Any CPU.Build.0 = Release|Any CPU
		{98DECB5B-61F3-4D2C-A47A-FFEE9E72E89E}.Debug|Any CPU.ActiveCfg = Debug|Any CPU
		{98DECB5B-61F3-4D2C-A47A-FFEE9E72E89E}.Debug|Any CPU.Build.0 = Debug|Any CPU
		{98DECB5B-61F3-4D2C-A47A-FFEE9E72E89E}.Release|Any CPU.ActiveCfg = Release|Any CPU
		{98DECB5B-61F3-4D2C-A47A-FFEE9E72E89E}.Release|Any CPU.Build.0 = Release|Any CPU
		{F8C0F913-53D2-4C01-B7BA-7B6BF965B272}.Debug|Any CPU.ActiveCfg = Debug|Any CPU
		{F8C0F913-53D2-4C01-B7BA-7B6BF965B272}.Debug|Any CPU.Build.0 = Debug|Any CPU
		{F8C0F913-53D2-4C01-B7BA-7B6BF965B272}.Release|Any CPU.ActiveCfg = Release|Any CPU
		{F8C0F913-53D2-4C01-B7BA-7B6BF965B272}.Release|Any CPU.Build.0 = Release|Any CPU
		{FCA449C9-1B69-4DB9-B192-89783BFAB51F}.Debug|Any CPU.ActiveCfg = Debug|Any CPU
		{FCA449C9-1B69-4DB9-B192-89783BFAB51F}.Debug|Any CPU.Build.0 = Debug|Any CPU
		{FCA449C9-1B69-4DB9-B192-89783BFAB51F}.Release|Any CPU.ActiveCfg = Release|Any CPU
		{FCA449C9-1B69-4DB9-B192-89783BFAB51F}.Release|Any CPU.Build.0 = Release|Any CPU
		{2CBB4A5D-4CED-4162-9022-62C45054C05B}.Debug|Any CPU.ActiveCfg = Debug|Any CPU
		{2CBB4A5D-4CED-4162-9022-62C45054C05B}.Debug|Any CPU.Build.0 = Debug|Any CPU
		{2CBB4A5D-4CED-4162-9022-62C45054C05B}.Release|Any CPU.ActiveCfg = Release|Any CPU
		{2CBB4A5D-4CED-4162-9022-62C45054C05B}.Release|Any CPU.Build.0 = Release|Any CPU
		{ADD64BE3-23F9-44CE-BD77-C2ED820C290A}.Debug|Any CPU.ActiveCfg = Debug|Any CPU
		{ADD64BE3-23F9-44CE-BD77-C2ED820C290A}.Debug|Any CPU.Build.0 = Debug|Any CPU
		{ADD64BE3-23F9-44CE-BD77-C2ED820C290A}.Release|Any CPU.ActiveCfg = Release|Any CPU
		{ADD64BE3-23F9-44CE-BD77-C2ED820C290A}.Release|Any CPU.Build.0 = Release|Any CPU
		{C3F9AF9C-E3A2-4BFE-AEF3-226B3C555A88}.Debug|Any CPU.ActiveCfg = Debug|Any CPU
		{C3F9AF9C-E3A2-4BFE-AEF3-226B3C555A88}.Debug|Any CPU.Build.0 = Debug|Any CPU
		{C3F9AF9C-E3A2-4BFE-AEF3-226B3C555A88}.Release|Any CPU.ActiveCfg = Release|Any CPU
		{C3F9AF9C-E3A2-4BFE-AEF3-226B3C555A88}.Release|Any CPU.Build.0 = Release|Any CPU
		{CAC0EAD3-5039-45AD-BE35-F94105E72F7A}.Debug|Any CPU.ActiveCfg = Debug|Any CPU
		{CAC0EAD3-5039-45AD-BE35-F94105E72F7A}.Debug|Any CPU.Build.0 = Debug|Any CPU
		{CAC0EAD3-5039-45AD-BE35-F94105E72F7A}.Release|Any CPU.ActiveCfg = Release|Any CPU
		{CAC0EAD3-5039-45AD-BE35-F94105E72F7A}.Release|Any CPU.Build.0 = Release|Any CPU
		{1B87E91C-C812-4A73-A585-468B5D609897}.Debug|Any CPU.ActiveCfg = Debug|Any CPU
		{1B87E91C-C812-4A73-A585-468B5D609897}.Debug|Any CPU.Build.0 = Debug|Any CPU
		{1B87E91C-C812-4A73-A585-468B5D609897}.Release|Any CPU.ActiveCfg = Release|Any CPU
		{1B87E91C-C812-4A73-A585-468B5D609897}.Release|Any CPU.Build.0 = Release|Any CPU
		{BEF24DAE-180B-429B-B3C7-30B82ACA0067}.Debug|Any CPU.ActiveCfg = Debug|Any CPU
		{BEF24DAE-180B-429B-B3C7-30B82ACA0067}.Debug|Any CPU.Build.0 = Debug|Any CPU
		{BEF24DAE-180B-429B-B3C7-30B82ACA0067}.Release|Any CPU.ActiveCfg = Release|Any CPU
		{BEF24DAE-180B-429B-B3C7-30B82ACA0067}.Release|Any CPU.Build.0 = Release|Any CPU
		{48F04E43-424C-4912-B262-E10BDB38EB55}.Debug|Any CPU.ActiveCfg = Debug|Any CPU
		{48F04E43-424C-4912-B262-E10BDB38EB55}.Debug|Any CPU.Build.0 = Debug|Any CPU
		{48F04E43-424C-4912-B262-E10BDB38EB55}.Release|Any CPU.ActiveCfg = Release|Any CPU
		{48F04E43-424C-4912-B262-E10BDB38EB55}.Release|Any CPU.Build.0 = Release|Any CPU
		{2F99D9D4-824B-4465-ADA2-C33F63EA0D66}.Debug|Any CPU.ActiveCfg = Debug|Any CPU
		{2F99D9D4-824B-4465-ADA2-C33F63EA0D66}.Debug|Any CPU.Build.0 = Debug|Any CPU
		{2F99D9D4-824B-4465-ADA2-C33F63EA0D66}.Release|Any CPU.ActiveCfg = Release|Any CPU
		{2F99D9D4-824B-4465-ADA2-C33F63EA0D66}.Release|Any CPU.Build.0 = Release|Any CPU
		{B36E1B6C-BBDA-40F6-B4AE-EC2778A6991F}.Debug|Any CPU.ActiveCfg = Debug|Any CPU
		{B36E1B6C-BBDA-40F6-B4AE-EC2778A6991F}.Debug|Any CPU.Build.0 = Debug|Any CPU
		{B36E1B6C-BBDA-40F6-B4AE-EC2778A6991F}.Release|Any CPU.ActiveCfg = Release|Any CPU
		{B36E1B6C-BBDA-40F6-B4AE-EC2778A6991F}.Release|Any CPU.Build.0 = Release|Any CPU
		{40A56D09-669D-40DE-B8A8-20ABC8389B7A}.Debug|Any CPU.ActiveCfg = Debug|Any CPU
		{40A56D09-669D-40DE-B8A8-20ABC8389B7A}.Debug|Any CPU.Build.0 = Debug|Any CPU
		{40A56D09-669D-40DE-B8A8-20ABC8389B7A}.Release|Any CPU.ActiveCfg = Release|Any CPU
		{40A56D09-669D-40DE-B8A8-20ABC8389B7A}.Release|Any CPU.Build.0 = Release|Any CPU
		{E2493629-CD5E-48D3-9D29-82C57E417638}.Debug|Any CPU.ActiveCfg = Debug|Any CPU
		{E2493629-CD5E-48D3-9D29-82C57E417638}.Debug|Any CPU.Build.0 = Debug|Any CPU
		{E2493629-CD5E-48D3-9D29-82C57E417638}.Release|Any CPU.ActiveCfg = Release|Any CPU
		{E2493629-CD5E-48D3-9D29-82C57E417638}.Release|Any CPU.Build.0 = Release|Any CPU
	EndGlobalSection
	GlobalSection(SolutionProperties) = preSolution
		HideSolutionNode = FALSE
	EndGlobalSection
	GlobalSection(ExtensibilityGlobals) = postSolution
		SolutionGuid = {B711A8E6-ADF1-4459-9784-386D8AF12A49}
	EndGlobalSection
EndGlobal
